// !$*UTF8*$!
{
	archiveVersion = 1;
	classes = {
	};
	objectVersion = 51;
	objects = {

/* Begin PBXBuildFile section */
		B1CBA657C8495AB24BC05D89 /* Pods_BitHolder.framework in Frameworks */ = {isa = PBXBuildFile; fileRef = C615806FA41FA052E11BDA4D /* Pods_BitHolder.framework */; };
		C7B58ADD263BC185009E8C0E /* AppDelegate.swift in Sources */ = {isa = PBXBuildFile; fileRef = C7B58ADC263BC185009E8C0E /* AppDelegate.swift */; };
		C7B58ADF263BC185009E8C0E /* SceneDelegate.swift in Sources */ = {isa = PBXBuildFile; fileRef = C7B58ADE263BC185009E8C0E /* SceneDelegate.swift */; };
		C7B58AE1263BC185009E8C0E /* MainViewController.swift in Sources */ = {isa = PBXBuildFile; fileRef = C7B58AE0263BC185009E8C0E /* MainViewController.swift */; };
		C7B58AE6263BC187009E8C0E /* Assets.xcassets in Resources */ = {isa = PBXBuildFile; fileRef = C7B58AE5263BC187009E8C0E /* Assets.xcassets */; };
		C7B58AE9263BC187009E8C0E /* LaunchScreen.storyboard in Resources */ = {isa = PBXBuildFile; fileRef = C7B58AE7263BC187009E8C0E /* LaunchScreen.storyboard */; };
		C7B58B0A263DFE8C009E8C0E /* FlowController.swift in Sources */ = {isa = PBXBuildFile; fileRef = C7B58B09263DFE8C009E8C0E /* FlowController.swift */; };
		C7B58B0F263E07D7009E8C0E /* Extensions.swift in Sources */ = {isa = PBXBuildFile; fileRef = C7B58B0E263E07D7009E8C0E /* Extensions.swift */; };
		C7B58B14263E0F3F009E8C0E /* PricesViewController.swift in Sources */ = {isa = PBXBuildFile; fileRef = C7B58B13263E0F3F009E8C0E /* PricesViewController.swift */; };
		C7B58B17263E0F77009E8C0E /* PortfolioViewController.swift in Sources */ = {isa = PBXBuildFile; fileRef = C7B58B16263E0F77009E8C0E /* PortfolioViewController.swift */; };
		C7B58B1A263E0F97009E8C0E /* SettingsViewController.swift in Sources */ = {isa = PBXBuildFile; fileRef = C7B58B19263E0F97009E8C0E /* SettingsViewController.swift */; };
		C7B58B21263E195E009E8C0E /* Currency.swift in Sources */ = {isa = PBXBuildFile; fileRef = C7B58B20263E195E009E8C0E /* Currency.swift */; };
		C7B58B24263E1992009E8C0E /* Money.swift in Sources */ = {isa = PBXBuildFile; fileRef = C7B58B23263E1992009E8C0E /* Money.swift */; };
		C7B58B2726417892009E8C0E /* NetworkService.swift in Sources */ = {isa = PBXBuildFile; fileRef = C7B58B2626417892009E8C0E /* NetworkService.swift */; };
		C7B58B2C26417B41009E8C0E /* Stats.swift in Sources */ = {isa = PBXBuildFile; fileRef = C7B58B2B26417B41009E8C0E /* Stats.swift */; };
		C7B58B3026418156009E8C0E /* MainViewModel.swift in Sources */ = {isa = PBXBuildFile; fileRef = C7B58B2F26418156009E8C0E /* MainViewModel.swift */; };
		C7B58B3B264727D3009E8C0E /* BtcStats.swift in Sources */ = {isa = PBXBuildFile; fileRef = C7B58B3A264727D3009E8C0E /* BtcStats.swift */; };
		C7B58B3E26474564009E8C0E /* CoinData.swift in Sources */ = {isa = PBXBuildFile; fileRef = C7B58B3D26474564009E8C0E /* CoinData.swift */; };
		C7B58B41264747F0009E8C0E /* PricesViewModel.swift in Sources */ = {isa = PBXBuildFile; fileRef = C7B58B40264747F0009E8C0E /* PricesViewModel.swift */; };
		C7B58B4426475162009E8C0E /* CoinCell.swift in Sources */ = {isa = PBXBuildFile; fileRef = C7B58B4326475162009E8C0E /* CoinCell.swift */; };
		C7B58B4A26475A29009E8C0E /* CoinView.swift in Sources */ = {isa = PBXBuildFile; fileRef = C7B58B4926475A29009E8C0E /* CoinView.swift */; };
/* End PBXBuildFile section */

/* Begin PBXFileReference section */
		33D3D803AEC4D28C1AD53DFF /* Pods-BitHolder.debug.xcconfig */ = {isa = PBXFileReference; includeInIndex = 1; lastKnownFileType = text.xcconfig; name = "Pods-BitHolder.debug.xcconfig"; path = "Target Support Files/Pods-BitHolder/Pods-BitHolder.debug.xcconfig"; sourceTree = "<group>"; };
		C615806FA41FA052E11BDA4D /* Pods_BitHolder.framework */ = {isa = PBXFileReference; explicitFileType = wrapper.framework; includeInIndex = 0; path = Pods_BitHolder.framework; sourceTree = BUILT_PRODUCTS_DIR; };
		C7B58AD9263BC185009E8C0E /* BitHolder.app */ = {isa = PBXFileReference; explicitFileType = wrapper.application; includeInIndex = 0; path = BitHolder.app; sourceTree = BUILT_PRODUCTS_DIR; };
		C7B58ADC263BC185009E8C0E /* AppDelegate.swift */ = {isa = PBXFileReference; lastKnownFileType = sourcecode.swift; path = AppDelegate.swift; sourceTree = "<group>"; };
		C7B58ADE263BC185009E8C0E /* SceneDelegate.swift */ = {isa = PBXFileReference; lastKnownFileType = sourcecode.swift; path = SceneDelegate.swift; sourceTree = "<group>"; };
		C7B58AE0263BC185009E8C0E /* MainViewController.swift */ = {isa = PBXFileReference; lastKnownFileType = sourcecode.swift; path = MainViewController.swift; sourceTree = "<group>"; };
		C7B58AE5263BC187009E8C0E /* Assets.xcassets */ = {isa = PBXFileReference; lastKnownFileType = folder.assetcatalog; path = Assets.xcassets; sourceTree = "<group>"; };
		C7B58AE8263BC187009E8C0E /* Base */ = {isa = PBXFileReference; lastKnownFileType = file.storyboard; name = Base; path = Base.lproj/LaunchScreen.storyboard; sourceTree = "<group>"; };
		C7B58AEA263BC187009E8C0E /* Info.plist */ = {isa = PBXFileReference; lastKnownFileType = text.plist.xml; path = Info.plist; sourceTree = "<group>"; };
		C7B58B09263DFE8C009E8C0E /* FlowController.swift */ = {isa = PBXFileReference; lastKnownFileType = sourcecode.swift; path = FlowController.swift; sourceTree = "<group>"; };
		C7B58B0E263E07D7009E8C0E /* Extensions.swift */ = {isa = PBXFileReference; lastKnownFileType = sourcecode.swift; path = Extensions.swift; sourceTree = "<group>"; };
		C7B58B13263E0F3F009E8C0E /* PricesViewController.swift */ = {isa = PBXFileReference; lastKnownFileType = sourcecode.swift; path = PricesViewController.swift; sourceTree = "<group>"; };
		C7B58B16263E0F77009E8C0E /* PortfolioViewController.swift */ = {isa = PBXFileReference; lastKnownFileType = sourcecode.swift; path = PortfolioViewController.swift; sourceTree = "<group>"; };
		C7B58B19263E0F97009E8C0E /* SettingsViewController.swift */ = {isa = PBXFileReference; lastKnownFileType = sourcecode.swift; path = SettingsViewController.swift; sourceTree = "<group>"; };
		C7B58B20263E195E009E8C0E /* Currency.swift */ = {isa = PBXFileReference; lastKnownFileType = sourcecode.swift; path = Currency.swift; sourceTree = "<group>"; };
		C7B58B23263E1992009E8C0E /* Money.swift */ = {isa = PBXFileReference; lastKnownFileType = sourcecode.swift; path = Money.swift; sourceTree = "<group>"; };
		C7B58B2626417892009E8C0E /* NetworkService.swift */ = {isa = PBXFileReference; lastKnownFileType = sourcecode.swift; path = NetworkService.swift; sourceTree = "<group>"; };
		C7B58B2B26417B41009E8C0E /* Stats.swift */ = {isa = PBXFileReference; lastKnownFileType = sourcecode.swift; path = Stats.swift; sourceTree = "<group>"; };
		C7B58B2F26418156009E8C0E /* MainViewModel.swift */ = {isa = PBXFileReference; lastKnownFileType = sourcecode.swift; path = MainViewModel.swift; sourceTree = "<group>"; };
		C7B58B3A264727D3009E8C0E /* BtcStats.swift */ = {isa = PBXFileReference; lastKnownFileType = sourcecode.swift; path = BtcStats.swift; sourceTree = "<group>"; };
		C7B58B3D26474564009E8C0E /* CoinData.swift */ = {isa = PBXFileReference; lastKnownFileType = sourcecode.swift; path = CoinData.swift; sourceTree = "<group>"; };
		C7B58B40264747F0009E8C0E /* PricesViewModel.swift */ = {isa = PBXFileReference; lastKnownFileType = sourcecode.swift; path = PricesViewModel.swift; sourceTree = "<group>"; };
		C7B58B4326475162009E8C0E /* CoinCell.swift */ = {isa = PBXFileReference; lastKnownFileType = sourcecode.swift; path = CoinCell.swift; sourceTree = "<group>"; };
		C7B58B4926475A29009E8C0E /* CoinView.swift */ = {isa = PBXFileReference; lastKnownFileType = sourcecode.swift; path = CoinView.swift; sourceTree = "<group>"; };
		CABC9936FEA4EE1A81F8792A /* Pods-BitHolder.release.xcconfig */ = {isa = PBXFileReference; includeInIndex = 1; lastKnownFileType = text.xcconfig; name = "Pods-BitHolder.release.xcconfig"; path = "Target Support Files/Pods-BitHolder/Pods-BitHolder.release.xcconfig"; sourceTree = "<group>"; };
/* End PBXFileReference section */

/* Begin PBXFrameworksBuildPhase section */
		C7B58AD6263BC185009E8C0E /* Frameworks */ = {
			isa = PBXFrameworksBuildPhase;
			buildActionMask = 2147483647;
			files = (
				B1CBA657C8495AB24BC05D89 /* Pods_BitHolder.framework in Frameworks */,
			);
			runOnlyForDeploymentPostprocessing = 0;
		};
/* End PBXFrameworksBuildPhase section */

/* Begin PBXGroup section */
		48D00B9348BF190587157A9D /* Frameworks */ = {
			isa = PBXGroup;
			children = (
				C615806FA41FA052E11BDA4D /* Pods_BitHolder.framework */,
			);
			name = Frameworks;
			sourceTree = "<group>";
		};
		545D1F6A00E6E546422B79F2 /* Pods */ = {
			isa = PBXGroup;
			children = (
				33D3D803AEC4D28C1AD53DFF /* Pods-BitHolder.debug.xcconfig */,
				CABC9936FEA4EE1A81F8792A /* Pods-BitHolder.release.xcconfig */,
			);
			path = Pods;
			sourceTree = "<group>";
		};
		C7B58AD0263BC185009E8C0E = {
			isa = PBXGroup;
			children = (
				C7B58ADB263BC185009E8C0E /* BitHolder */,
				C7B58ADA263BC185009E8C0E /* Products */,
				545D1F6A00E6E546422B79F2 /* Pods */,
				48D00B9348BF190587157A9D /* Frameworks */,
			);
			sourceTree = "<group>";
		};
		C7B58ADA263BC185009E8C0E /* Products */ = {
			isa = PBXGroup;
			children = (
				C7B58AD9263BC185009E8C0E /* BitHolder.app */,
			);
			name = Products;
			sourceTree = "<group>";
		};
		C7B58ADB263BC185009E8C0E /* BitHolder */ = {
			isa = PBXGroup;
			children = (
				C7B58ADC263BC185009E8C0E /* AppDelegate.swift */,
				C7B58ADE263BC185009E8C0E /* SceneDelegate.swift */,
				C7B58B09263DFE8C009E8C0E /* FlowController.swift */,
				C7B58AE0263BC185009E8C0E /* MainViewController.swift */,
				C7B58B2F26418156009E8C0E /* MainViewModel.swift */,
				C7B58B13263E0F3F009E8C0E /* PricesViewController.swift */,
				C7B58B40264747F0009E8C0E /* PricesViewModel.swift */,
				C7B58B16263E0F77009E8C0E /* PortfolioViewController.swift */,
				C7B58B19263E0F97009E8C0E /* SettingsViewController.swift */,
				C7B58B0E263E07D7009E8C0E /* Extensions.swift */,
				C7B58AE5263BC187009E8C0E /* Assets.xcassets */,
				C7B58AE7263BC187009E8C0E /* LaunchScreen.storyboard */,
				C7B58AEA263BC187009E8C0E /* Info.plist */,
				C7B58B2926417AD7009E8C0E /* Networking */,
				C7B58B2A26417B13009E8C0E /* Models */,
				C7B58B4826475A09009E8C0E /* Cells */,
			);
			path = BitHolder;
			sourceTree = "<group>";
		};
		C7B58B2926417AD7009E8C0E /* Networking */ = {
			isa = PBXGroup;
			children = (
				C7B58B2626417892009E8C0E /* NetworkService.swift */,
			);
			path = Networking;
			sourceTree = "<group>";
		};
		C7B58B2A26417B13009E8C0E /* Models */ = {
			isa = PBXGroup;
			children = (
				C7B58B23263E1992009E8C0E /* Money.swift */,
				C7B58B20263E195E009E8C0E /* Currency.swift */,
				C7B58B2B26417B41009E8C0E /* Stats.swift */,
				C7B58B3A264727D3009E8C0E /* BtcStats.swift */,
				C7B58B3D26474564009E8C0E /* CoinData.swift */,
			);
			path = Models;
			sourceTree = "<group>";
		};
		C7B58B4826475A09009E8C0E /* Cells */ = {
			isa = PBXGroup;
			children = (
				C7B58B4326475162009E8C0E /* CoinCell.swift */,
				C7B58B4926475A29009E8C0E /* CoinView.swift */,
			);
			path = Cells;
			sourceTree = "<group>";
		};
/* End PBXGroup section */

/* Begin PBXNativeTarget section */
		C7B58AD8263BC185009E8C0E /* BitHolder */ = {
			isa = PBXNativeTarget;
			buildConfigurationList = C7B58AED263BC187009E8C0E /* Build configuration list for PBXNativeTarget "BitHolder" */;
			buildPhases = (
				E87887C0B764B7883C4B1327 /* [CP] Check Pods Manifest.lock */,
				C7B58AD5263BC185009E8C0E /* Sources */,
				C7B58AD6263BC185009E8C0E /* Frameworks */,
				C7B58AD7263BC185009E8C0E /* Resources */,
				3AB3B04206C885F020C46AC2 /* [CP] Embed Pods Frameworks */,
			);
			buildRules = (
			);
			dependencies = (
			);
			name = BitHolder;
			productName = BitHolder;
			productReference = C7B58AD9263BC185009E8C0E /* BitHolder.app */;
			productType = "com.apple.product-type.application";
		};
/* End PBXNativeTarget section */

/* Begin PBXProject section */
		C7B58AD1263BC185009E8C0E /* Project object */ = {
			isa = PBXProject;
			attributes = {
				LastSwiftUpdateCheck = 1240;
				LastUpgradeCheck = 1240;
				TargetAttributes = {
					C7B58AD8263BC185009E8C0E = {
						CreatedOnToolsVersion = 12.4;
					};
				};
			};
			buildConfigurationList = C7B58AD4263BC185009E8C0E /* Build configuration list for PBXProject "BitHolder" */;
			compatibilityVersion = "Xcode 9.3";
			developmentRegion = en;
			hasScannedForEncodings = 0;
			knownRegions = (
				en,
				Base,
			);
			mainGroup = C7B58AD0263BC185009E8C0E;
			productRefGroup = C7B58ADA263BC185009E8C0E /* Products */;
			projectDirPath = "";
			projectRoot = "";
			targets = (
				C7B58AD8263BC185009E8C0E /* BitHolder */,
			);
		};
/* End PBXProject section */

/* Begin PBXResourcesBuildPhase section */
		C7B58AD7263BC185009E8C0E /* Resources */ = {
			isa = PBXResourcesBuildPhase;
			buildActionMask = 2147483647;
			files = (
				C7B58AE9263BC187009E8C0E /* LaunchScreen.storyboard in Resources */,
				C7B58AE6263BC187009E8C0E /* Assets.xcassets in Resources */,
			);
			runOnlyForDeploymentPostprocessing = 0;
		};
/* End PBXResourcesBuildPhase section */

/* Begin PBXShellScriptBuildPhase section */
		3AB3B04206C885F020C46AC2 /* [CP] Embed Pods Frameworks */ = {
			isa = PBXShellScriptBuildPhase;
			buildActionMask = 2147483647;
			files = (
			);
			inputFileListPaths = (
				"${PODS_ROOT}/Target Support Files/Pods-BitHolder/Pods-BitHolder-frameworks-${CONFIGURATION}-input-files.xcfilelist",
			);
			name = "[CP] Embed Pods Frameworks";
			outputFileListPaths = (
				"${PODS_ROOT}/Target Support Files/Pods-BitHolder/Pods-BitHolder-frameworks-${CONFIGURATION}-output-files.xcfilelist",
			);
			runOnlyForDeploymentPostprocessing = 0;
			shellPath = /bin/sh;
			shellScript = "\"${PODS_ROOT}/Target Support Files/Pods-BitHolder/Pods-BitHolder-frameworks.sh\"\n";
			showEnvVarsInLog = 0;
		};
		E87887C0B764B7883C4B1327 /* [CP] Check Pods Manifest.lock */ = {
			isa = PBXShellScriptBuildPhase;
			buildActionMask = 2147483647;
			files = (
			);
			inputFileListPaths = (
			);
			inputPaths = (
				"${PODS_PODFILE_DIR_PATH}/Podfile.lock",
				"${PODS_ROOT}/Manifest.lock",
			);
			name = "[CP] Check Pods Manifest.lock";
			outputFileListPaths = (
			);
			outputPaths = (
				"$(DERIVED_FILE_DIR)/Pods-BitHolder-checkManifestLockResult.txt",
			);
			runOnlyForDeploymentPostprocessing = 0;
			shellPath = /bin/sh;
			shellScript = "diff \"${PODS_PODFILE_DIR_PATH}/Podfile.lock\" \"${PODS_ROOT}/Manifest.lock\" > /dev/null\nif [ $? != 0 ] ; then\n    # print error to STDERR\n    echo \"error: The sandbox is not in sync with the Podfile.lock. Run 'pod install' or update your CocoaPods installation.\" >&2\n    exit 1\nfi\n# This output is used by Xcode 'outputs' to avoid re-running this script phase.\necho \"SUCCESS\" > \"${SCRIPT_OUTPUT_FILE_0}\"\n";
			showEnvVarsInLog = 0;
		};
/* End PBXShellScriptBuildPhase section */

/* Begin PBXSourcesBuildPhase section */
		C7B58AD5263BC185009E8C0E /* Sources */ = {
			isa = PBXSourcesBuildPhase;
			buildActionMask = 2147483647;
			files = (
				C7B58B2726417892009E8C0E /* NetworkService.swift in Sources */,
				C7B58B2C26417B41009E8C0E /* Stats.swift in Sources */,
				C7B58B41264747F0009E8C0E /* PricesViewModel.swift in Sources */,
				C7B58B4A26475A29009E8C0E /* CoinView.swift in Sources */,
				C7B58B21263E195E009E8C0E /* Currency.swift in Sources */,
				C7B58B14263E0F3F009E8C0E /* PricesViewController.swift in Sources */,
				C7B58B0F263E07D7009E8C0E /* Extensions.swift in Sources */,
				C7B58B3026418156009E8C0E /* MainViewModel.swift in Sources */,
				C7B58AE1263BC185009E8C0E /* MainViewController.swift in Sources */,
				C7B58ADD263BC185009E8C0E /* AppDelegate.swift in Sources */,
				C7B58ADF263BC185009E8C0E /* SceneDelegate.swift in Sources */,
				C7B58B4426475162009E8C0E /* CoinCell.swift in Sources */,
				C7B58B24263E1992009E8C0E /* Money.swift in Sources */,
				C7B58B17263E0F77009E8C0E /* PortfolioViewController.swift in Sources */,
				C7B58B3B264727D3009E8C0E /* BtcStats.swift in Sources */,
				C7B58B3E26474564009E8C0E /* CoinData.swift in Sources */,
				C7B58B0A263DFE8C009E8C0E /* FlowController.swift in Sources */,
				C7B58B1A263E0F97009E8C0E /* SettingsViewController.swift in Sources */,
			);
			runOnlyForDeploymentPostprocessing = 0;
		};
/* End PBXSourcesBuildPhase section */

/* Begin PBXVariantGroup section */
		C7B58AE7263BC187009E8C0E /* LaunchScreen.storyboard */ = {
			isa = PBXVariantGroup;
			children = (
				C7B58AE8263BC187009E8C0E /* Base */,
			);
			name = LaunchScreen.storyboard;
			sourceTree = "<group>";
		};
/* End PBXVariantGroup section */

/* Begin XCBuildConfiguration section */
		C7B58AEB263BC187009E8C0E /* Debug */ = {
			isa = XCBuildConfiguration;
			buildSettings = {
				ALWAYS_SEARCH_USER_PATHS = NO;
				CLANG_ANALYZER_NONNULL = YES;
				CLANG_ANALYZER_NUMBER_OBJECT_CONVERSION = YES_AGGRESSIVE;
				CLANG_CXX_LANGUAGE_STANDARD = "gnu++14";
				CLANG_CXX_LIBRARY = "libc++";
				CLANG_ENABLE_MODULES = YES;
				CLANG_ENABLE_OBJC_ARC = YES;
				CLANG_ENABLE_OBJC_WEAK = YES;
				CLANG_WARN_BLOCK_CAPTURE_AUTORELEASING = YES;
				CLANG_WARN_BOOL_CONVERSION = YES;
				CLANG_WARN_COMMA = YES;
				CLANG_WARN_CONSTANT_CONVERSION = YES;
				CLANG_WARN_DEPRECATED_OBJC_IMPLEMENTATIONS = YES;
				CLANG_WARN_DIRECT_OBJC_ISA_USAGE = YES_ERROR;
				CLANG_WARN_DOCUMENTATION_COMMENTS = YES;
				CLANG_WARN_EMPTY_BODY = YES;
				CLANG_WARN_ENUM_CONVERSION = YES;
				CLANG_WARN_INFINITE_RECURSION = YES;
				CLANG_WARN_INT_CONVERSION = YES;
				CLANG_WARN_NON_LITERAL_NULL_CONVERSION = YES;
				CLANG_WARN_OBJC_IMPLICIT_RETAIN_SELF = YES;
				CLANG_WARN_OBJC_LITERAL_CONVERSION = YES;
				CLANG_WARN_OBJC_ROOT_CLASS = YES_ERROR;
				CLANG_WARN_QUOTED_INCLUDE_IN_FRAMEWORK_HEADER = YES;
				CLANG_WARN_RANGE_LOOP_ANALYSIS = YES;
				CLANG_WARN_STRICT_PROTOTYPES = YES;
				CLANG_WARN_SUSPICIOUS_MOVE = YES;
				CLANG_WARN_UNGUARDED_AVAILABILITY = YES_AGGRESSIVE;
				CLANG_WARN_UNREACHABLE_CODE = YES;
				CLANG_WARN__DUPLICATE_METHOD_MATCH = YES;
				COPY_PHASE_STRIP = NO;
				DEBUG_INFORMATION_FORMAT = dwarf;
				ENABLE_STRICT_OBJC_MSGSEND = YES;
				ENABLE_TESTABILITY = YES;
				GCC_C_LANGUAGE_STANDARD = gnu11;
				GCC_DYNAMIC_NO_PIC = NO;
				GCC_NO_COMMON_BLOCKS = YES;
				GCC_OPTIMIZATION_LEVEL = 0;
				GCC_PREPROCESSOR_DEFINITIONS = (
					"DEBUG=1",
					"$(inherited)",
				);
				GCC_WARN_64_TO_32_BIT_CONVERSION = YES;
				GCC_WARN_ABOUT_RETURN_TYPE = YES_ERROR;
				GCC_WARN_UNDECLARED_SELECTOR = YES;
				GCC_WARN_UNINITIALIZED_AUTOS = YES_AGGRESSIVE;
				GCC_WARN_UNUSED_FUNCTION = YES;
				GCC_WARN_UNUSED_VARIABLE = YES;
				IPHONEOS_DEPLOYMENT_TARGET = 14.4;
				MTL_ENABLE_DEBUG_INFO = INCLUDE_SOURCE;
				MTL_FAST_MATH = YES;
				ONLY_ACTIVE_ARCH = YES;
				SDKROOT = iphoneos;
				SWIFT_ACTIVE_COMPILATION_CONDITIONS = DEBUG;
				SWIFT_OPTIMIZATION_LEVEL = "-Onone";
			};
			name = Debug;
		};
		C7B58AEC263BC187009E8C0E /* Release */ = {
			isa = XCBuildConfiguration;
			buildSettings = {
				ALWAYS_SEARCH_USER_PATHS = NO;
				CLANG_ANALYZER_NONNULL = YES;
				CLANG_ANALYZER_NUMBER_OBJECT_CONVERSION = YES_AGGRESSIVE;
				CLANG_CXX_LANGUAGE_STANDARD = "gnu++14";
				CLANG_CXX_LIBRARY = "libc++";
				CLANG_ENABLE_MODULES = YES;
				CLANG_ENABLE_OBJC_ARC = YES;
				CLANG_ENABLE_OBJC_WEAK = YES;
				CLANG_WARN_BLOCK_CAPTURE_AUTORELEASING = YES;
				CLANG_WARN_BOOL_CONVERSION = YES;
				CLANG_WARN_COMMA = YES;
				CLANG_WARN_CONSTANT_CONVERSION = YES;
				CLANG_WARN_DEPRECATED_OBJC_IMPLEMENTATIONS = YES;
				CLANG_WARN_DIRECT_OBJC_ISA_USAGE = YES_ERROR;
				CLANG_WARN_DOCUMENTATION_COMMENTS = YES;
				CLANG_WARN_EMPTY_BODY = YES;
				CLANG_WARN_ENUM_CONVERSION = YES;
				CLANG_WARN_INFINITE_RECURSION = YES;
				CLANG_WARN_INT_CONVERSION = YES;
				CLANG_WARN_NON_LITERAL_NULL_CONVERSION = YES;
				CLANG_WARN_OBJC_IMPLICIT_RETAIN_SELF = YES;
				CLANG_WARN_OBJC_LITERAL_CONVERSION = YES;
				CLANG_WARN_OBJC_ROOT_CLASS = YES_ERROR;
				CLANG_WARN_QUOTED_INCLUDE_IN_FRAMEWORK_HEADER = YES;
				CLANG_WARN_RANGE_LOOP_ANALYSIS = YES;
				CLANG_WARN_STRICT_PROTOTYPES = YES;
				CLANG_WARN_SUSPICIOUS_MOVE = YES;
				CLANG_WARN_UNGUARDED_AVAILABILITY = YES_AGGRESSIVE;
				CLANG_WARN_UNREACHABLE_CODE = YES;
				CLANG_WARN__DUPLICATE_METHOD_MATCH = YES;
				COPY_PHASE_STRIP = NO;
				DEBUG_INFORMATION_FORMAT = "dwarf-with-dsym";
				ENABLE_NS_ASSERTIONS = NO;
				ENABLE_STRICT_OBJC_MSGSEND = YES;
				GCC_C_LANGUAGE_STANDARD = gnu11;
				GCC_NO_COMMON_BLOCKS = YES;
				GCC_WARN_64_TO_32_BIT_CONVERSION = YES;
				GCC_WARN_ABOUT_RETURN_TYPE = YES_ERROR;
				GCC_WARN_UNDECLARED_SELECTOR = YES;
				GCC_WARN_UNINITIALIZED_AUTOS = YES_AGGRESSIVE;
				GCC_WARN_UNUSED_FUNCTION = YES;
				GCC_WARN_UNUSED_VARIABLE = YES;
				IPHONEOS_DEPLOYMENT_TARGET = 14.4;
				MTL_ENABLE_DEBUG_INFO = NO;
				MTL_FAST_MATH = YES;
				SDKROOT = iphoneos;
				SWIFT_COMPILATION_MODE = wholemodule;
				SWIFT_OPTIMIZATION_LEVEL = "-O";
				VALIDATE_PRODUCT = YES;
			};
			name = Release;
		};
		C7B58AEE263BC187009E8C0E /* Debug */ = {
			isa = XCBuildConfiguration;
			baseConfigurationReference = 33D3D803AEC4D28C1AD53DFF /* Pods-BitHolder.debug.xcconfig */;
			buildSettings = {
				ASSETCATALOG_COMPILER_APPICON_NAME = AppIcon;
				ASSETCATALOG_COMPILER_GLOBAL_ACCENT_COLOR_NAME = AccentColor;
				CODE_SIGN_STYLE = Automatic;
				DEVELOPMENT_TEAM = UA59TH46PF;
				INFOPLIST_FILE = BitHolder/Info.plist;
				LD_RUNPATH_SEARCH_PATHS = (
					"$(inherited)",
					"@executable_path/Frameworks",
				);
				PRODUCT_BUNDLE_IDENTIFIER = cryptoapp.BitHolder;
				PRODUCT_NAME = "$(TARGET_NAME)";
				SWIFT_VERSION = 5.0;
				TARGETED_DEVICE_FAMILY = "1,2";
			};
			name = Debug;
		};
		C7B58AEF263BC187009E8C0E /* Release */ = {
			isa = XCBuildConfiguration;
			baseConfigurationReference = CABC9936FEA4EE1A81F8792A /* Pods-BitHolder.release.xcconfig */;
			buildSettings = {
				ASSETCATALOG_COMPILER_APPICON_NAME = AppIcon;
				ASSETCATALOG_COMPILER_GLOBAL_ACCENT_COLOR_NAME = AccentColor;
				CODE_SIGN_STYLE = Automatic;
				DEVELOPMENT_TEAM = UA59TH46PF;
				INFOPLIST_FILE = BitHolder/Info.plist;
				LD_RUNPATH_SEARCH_PATHS = (
					"$(inherited)",
					"@executable_path/Frameworks",
				);
				PRODUCT_BUNDLE_IDENTIFIER = cryptoapp.BitHolder;
				PRODUCT_NAME = "$(TARGET_NAME)";
				SWIFT_VERSION = 5.0;
				TARGETED_DEVICE_FAMILY = "1,2";
			};
			name = Release;
		};
/* End XCBuildConfiguration section */

/* Begin XCConfigurationList section */
		C7B58AD4263BC185009E8C0E /* Build configuration list for PBXProject "BitHolder" */ = {
			isa = XCConfigurationList;
			buildConfigurations = (
				C7B58AEB263BC187009E8C0E /* Debug */,
				C7B58AEC263BC187009E8C0E /* Release */,
			);
			defaultConfigurationIsVisible = 0;
			defaultConfigurationName = Release;
		};
		C7B58AED263BC187009E8C0E /* Build configuration list for PBXNativeTarget "BitHolder" */ = {
			isa = XCConfigurationList;
			buildConfigurations = (
				C7B58AEE263BC187009E8C0E /* Debug */,
				C7B58AEF263BC187009E8C0E /* Release */,
			);
			defaultConfigurationIsVisible = 0;
			defaultConfigurationName = Release;
		};
/* End XCConfigurationList section */
	};
	rootObject = C7B58AD1263BC185009E8C0E /* Project object */;
}
